
Microsoft Visual Studio Solution File, Format Version 12.00
# Visual Studio Version 17
VisualStudioVersion = 17.8.34525.116
MinimumVisualStudioVersion = 10.0.40219.1
Project("{FAE04EC0-301F-11D3-BF4B-00C04F79EFBC}") = "LoadingTextFileToDatabase", "LoadingTextFileToDatabase.csproj", "{18A5756A-A7BC-4A1E-91DC-7E82F29FB36C}"
EndProject
Global
	GlobalSection(SolutionConfigurationPlatforms) = preSolution
		Debug|Any CPU = Debug|Any CPU
		Release|Any CPU = Release|Any CPU
	EndGlobalSection
	GlobalSection(ProjectConfigurationPlatforms) = postSolution
		{18A5756A-A7BC-4A1E-91DC-7E82F29FB36C}.Debug|Any CPU.ActiveCfg = Debug|Any CPU
		{18A5756A-A7BC-4A1E-91DC-7E82F29FB36C}.Debug|Any CPU.Build.0 = Debug|Any CPU
		{18A5756A-A7BC-4A1E-91DC-7E82F29FB36C}.Release|Any CPU.ActiveCfg = Release|Any CPU
		{18A5756A-A7BC-4A1E-91DC-7E82F29FB36C}.Release|Any CPU.Build.0 = Release|Any CPU
	EndGlobalSection
	GlobalSection(SolutionProperties) = preSolution
		HideSolutionNode = FALSE
	EndGlobalSection
	GlobalSection(ExtensibilityGlobals) = postSolution
		SolutionGuid = {043BCC2A-77E7-43D2-8BFF-CAFB50768846}
	EndGlobalSection
EndGlobal
